// !$*UTF8*$!
{
	archiveVersion = 1;
	classes = {
	};
	objectVersion = 55;
	objects = {

/* Begin PBXBuildFile section */
		255F7E2028523EBC0050BEFA /* LoginValidation.swift in Sources */ = {isa = PBXBuildFile; fileRef = 255F7E1F28523EBC0050BEFA /* LoginValidation.swift */; };
		255F7E2228523F000050BEFA /* SignupValidation.swift in Sources */ = {isa = PBXBuildFile; fileRef = 255F7E2128523F000050BEFA /* SignupValidation.swift */; };
		942FE8FE28579D2200CEBEF2 /* Notes.storyboard in Resources */ = {isa = PBXBuildFile; fileRef = 942FE8FD28579D2200CEBEF2 /* Notes.storyboard */; };
		9447B9AE28514170009F9205 /* NotesViewController.swift in Sources */ = {isa = PBXBuildFile; fileRef = 9447B9AD28514170009F9205 /* NotesViewController.swift */; };
		9447B9B02851424A009F9205 /* NotesHelper.swift in Sources */ = {isa = PBXBuildFile; fileRef = 9447B9AF2851424A009F9205 /* NotesHelper.swift */; };
		9447B9B7285143D5009F9205 /* UsersNotes+CoreDataClass.swift in Sources */ = {isa = PBXBuildFile; fileRef = 9447B9B5285143D5009F9205 /* UsersNotes+CoreDataClass.swift */; };
		9447B9B8285143D5009F9205 /* UsersNotes+CoreDataProperties.swift in Sources */ = {isa = PBXBuildFile; fileRef = 9447B9B6285143D5009F9205 /* UsersNotes+CoreDataProperties.swift */; };
		9447B9BA28514763009F9205 /* NotesTableViewCell.swift in Sources */ = {isa = PBXBuildFile; fileRef = 9447B9B928514763009F9205 /* NotesTableViewCell.swift */; };
		9447B9BC28514A30009F9205 /* UpdateNotesViewController.swift in Sources */ = {isa = PBXBuildFile; fileRef = 9447B9BB28514A30009F9205 /* UpdateNotesViewController.swift */; };
		9447B9BE28514B35009F9205 /* AddNotesViewController.swift in Sources */ = {isa = PBXBuildFile; fileRef = 9447B9BD28514B35009F9205 /* AddNotesViewController.swift */; };
		9498486A284FE57A007211DC /* AppDelegate.swift in Sources */ = {isa = PBXBuildFile; fileRef = 94984869284FE57A007211DC /* AppDelegate.swift */; };
		9498486C284FE57A007211DC /* SceneDelegate.swift in Sources */ = {isa = PBXBuildFile; fileRef = 9498486B284FE57A007211DC /* SceneDelegate.swift */; };
		9498486E284FE57A007211DC /* ViewController.swift in Sources */ = {isa = PBXBuildFile; fileRef = 9498486D284FE57A007211DC /* ViewController.swift */; };
		94984871284FE57A007211DC /* Main.storyboard in Resources */ = {isa = PBXBuildFile; fileRef = 9498486F284FE57A007211DC /* Main.storyboard */; };
		94984874284FE57A007211DC /* TakeItEasyApp.xcdatamodeld in Sources */ = {isa = PBXBuildFile; fileRef = 94984872284FE57A007211DC /* TakeItEasyApp.xcdatamodeld */; };
		94984876284FE57C007211DC /* Assets.xcassets in Resources */ = {isa = PBXBuildFile; fileRef = 94984875284FE57C007211DC /* Assets.xcassets */; };
		94984879284FE57C007211DC /* LaunchScreen.storyboard in Resources */ = {isa = PBXBuildFile; fileRef = 94984877284FE57C007211DC /* LaunchScreen.storyboard */; };
		94984884284FE57C007211DC /* TakeItEasyAppTests.swift in Sources */ = {isa = PBXBuildFile; fileRef = 94984883284FE57C007211DC /* TakeItEasyAppTests.swift */; };
		9498488E284FE57D007211DC /* TakeItEasyAppUITests.swift in Sources */ = {isa = PBXBuildFile; fileRef = 9498488D284FE57D007211DC /* TakeItEasyAppUITests.swift */; };
		94984890284FE57D007211DC /* TakeItEasyAppUITestsLaunchTests.swift in Sources */ = {isa = PBXBuildFile; fileRef = 9498488F284FE57D007211DC /* TakeItEasyAppUITestsLaunchTests.swift */; };
		CE2E554A2851359900E237E8 /* User+CoreDataClass.swift in Sources */ = {isa = PBXBuildFile; fileRef = CE2E55482851359900E237E8 /* User+CoreDataClass.swift */; };
		CE2E554B2851359900E237E8 /* User+CoreDataProperties.swift in Sources */ = {isa = PBXBuildFile; fileRef = CE2E55492851359900E237E8 /* User+CoreDataProperties.swift */; };
		CE2E554D285135AF00E237E8 /* SignupViewController.swift in Sources */ = {isa = PBXBuildFile; fileRef = CE2E554C285135AF00E237E8 /* SignupViewController.swift */; };
		CE2E554F285135CD00E237E8 /* LoginViewController.swift in Sources */ = {isa = PBXBuildFile; fileRef = CE2E554E285135CD00E237E8 /* LoginViewController.swift */; };
		CE2E55512851438900E237E8 /* DBHelper.swift in Sources */ = {isa = PBXBuildFile; fileRef = CE2E55502851438900E237E8 /* DBHelper.swift */; };
		E9EB81DE28539B9600BCBC40 /* Friday.png in Resources */ = {isa = PBXBuildFile; fileRef = E9EB81DD28539B9600BCBC40 /* Friday.png */; };
		E9F6228328524256004FD5C6 /* MusicViewController.swift in Sources */ = {isa = PBXBuildFile; fileRef = E9F6228228524256004FD5C6 /* MusicViewController.swift */; };
		E9F62287285242B5004FD5C6 /* MusicCollectionViewCell.swift in Sources */ = {isa = PBXBuildFile; fileRef = E9F62286285242B5004FD5C6 /* MusicCollectionViewCell.swift */; };
		E9F622D328530FEF004FD5C6 /* Someday.mp3 in Resources */ = {isa = PBXBuildFile; fileRef = E9F622D228530FEF004FD5C6 /* Someday.mp3 */; };
		E9F622D52853170B004FD5C6 /* Dark Ocean.png in Resources */ = {isa = PBXBuildFile; fileRef = E9F622D42853170B004FD5C6 /* Dark Ocean.png */; };
		F5712147285139BA003569D2 /* BooksViewController.swift in Sources */ = {isa = PBXBuildFile; fileRef = F5712146285139BA003569D2 /* BooksViewController.swift */; };
/* End PBXBuildFile section */

/* Begin PBXContainerItemProxy section */
		94984880284FE57C007211DC /* PBXContainerItemProxy */ = {
			isa = PBXContainerItemProxy;
			containerPortal = 9498485E284FE57A007211DC /* Project object */;
			proxyType = 1;
			remoteGlobalIDString = 94984865284FE57A007211DC;
			remoteInfo = TakeItEasyApp;
		};
		9498488A284FE57D007211DC /* PBXContainerItemProxy */ = {
			isa = PBXContainerItemProxy;
			containerPortal = 9498485E284FE57A007211DC /* Project object */;
			proxyType = 1;
			remoteGlobalIDString = 94984865284FE57A007211DC;
			remoteInfo = TakeItEasyApp;
		};
/* End PBXContainerItemProxy section */

/* Begin PBXFileReference section */
		255F7E1F28523EBC0050BEFA /* LoginValidation.swift */ = {isa = PBXFileReference; lastKnownFileType = sourcecode.swift; path = LoginValidation.swift; sourceTree = "<group>"; };
		255F7E2128523F000050BEFA /* SignupValidation.swift */ = {isa = PBXFileReference; lastKnownFileType = sourcecode.swift; path = SignupValidation.swift; sourceTree = "<group>"; };
		942FE8FD28579D2200CEBEF2 /* Notes.storyboard */ = {isa = PBXFileReference; lastKnownFileType = file.storyboard; path = Notes.storyboard; sourceTree = "<group>"; };
		9447B9AD28514170009F9205 /* NotesViewController.swift */ = {isa = PBXFileReference; lastKnownFileType = sourcecode.swift; path = NotesViewController.swift; sourceTree = "<group>"; };
		9447B9AF2851424A009F9205 /* NotesHelper.swift */ = {isa = PBXFileReference; lastKnownFileType = sourcecode.swift; path = NotesHelper.swift; sourceTree = "<group>"; };
		9447B9B5285143D5009F9205 /* UsersNotes+CoreDataClass.swift */ = {isa = PBXFileReference; lastKnownFileType = sourcecode.swift; path = "UsersNotes+CoreDataClass.swift"; sourceTree = "<group>"; };
		9447B9B6285143D5009F9205 /* UsersNotes+CoreDataProperties.swift */ = {isa = PBXFileReference; lastKnownFileType = sourcecode.swift; path = "UsersNotes+CoreDataProperties.swift"; sourceTree = "<group>"; };
		9447B9B928514763009F9205 /* NotesTableViewCell.swift */ = {isa = PBXFileReference; lastKnownFileType = sourcecode.swift; path = NotesTableViewCell.swift; sourceTree = "<group>"; };
		9447B9BB28514A30009F9205 /* UpdateNotesViewController.swift */ = {isa = PBXFileReference; lastKnownFileType = sourcecode.swift; path = UpdateNotesViewController.swift; sourceTree = "<group>"; };
		9447B9BD28514B35009F9205 /* AddNotesViewController.swift */ = {isa = PBXFileReference; lastKnownFileType = sourcecode.swift; path = AddNotesViewController.swift; sourceTree = "<group>"; };
		94984866284FE57A007211DC /* TakeItEasyApp.app */ = {isa = PBXFileReference; explicitFileType = wrapper.application; includeInIndex = 0; path = TakeItEasyApp.app; sourceTree = BUILT_PRODUCTS_DIR; };
		94984869284FE57A007211DC /* AppDelegate.swift */ = {isa = PBXFileReference; lastKnownFileType = sourcecode.swift; path = AppDelegate.swift; sourceTree = "<group>"; };
		9498486B284FE57A007211DC /* SceneDelegate.swift */ = {isa = PBXFileReference; lastKnownFileType = sourcecode.swift; path = SceneDelegate.swift; sourceTree = "<group>"; };
		9498486D284FE57A007211DC /* ViewController.swift */ = {isa = PBXFileReference; lastKnownFileType = sourcecode.swift; path = ViewController.swift; sourceTree = "<group>"; };
		94984870284FE57A007211DC /* Base */ = {isa = PBXFileReference; lastKnownFileType = file.storyboard; name = Base; path = Base.lproj/Main.storyboard; sourceTree = "<group>"; };
		94984873284FE57A007211DC /* TakeItEasyApp.xcdatamodel */ = {isa = PBXFileReference; lastKnownFileType = wrapper.xcdatamodel; path = TakeItEasyApp.xcdatamodel; sourceTree = "<group>"; };
		94984875284FE57C007211DC /* Assets.xcassets */ = {isa = PBXFileReference; lastKnownFileType = folder.assetcatalog; path = Assets.xcassets; sourceTree = "<group>"; };
		94984878284FE57C007211DC /* Base */ = {isa = PBXFileReference; lastKnownFileType = file.storyboard; name = Base; path = Base.lproj/LaunchScreen.storyboard; sourceTree = "<group>"; };
		9498487A284FE57C007211DC /* Info.plist */ = {isa = PBXFileReference; lastKnownFileType = text.plist.xml; path = Info.plist; sourceTree = "<group>"; };
		9498487F284FE57C007211DC /* TakeItEasyAppTests.xctest */ = {isa = PBXFileReference; explicitFileType = wrapper.cfbundle; includeInIndex = 0; path = TakeItEasyAppTests.xctest; sourceTree = BUILT_PRODUCTS_DIR; };
		94984883284FE57C007211DC /* TakeItEasyAppTests.swift */ = {isa = PBXFileReference; lastKnownFileType = sourcecode.swift; path = TakeItEasyAppTests.swift; sourceTree = "<group>"; };
		94984889284FE57D007211DC /* TakeItEasyAppUITests.xctest */ = {isa = PBXFileReference; explicitFileType = wrapper.cfbundle; includeInIndex = 0; path = TakeItEasyAppUITests.xctest; sourceTree = BUILT_PRODUCTS_DIR; };
		9498488D284FE57D007211DC /* TakeItEasyAppUITests.swift */ = {isa = PBXFileReference; lastKnownFileType = sourcecode.swift; path = TakeItEasyAppUITests.swift; sourceTree = "<group>"; };
		9498488F284FE57D007211DC /* TakeItEasyAppUITestsLaunchTests.swift */ = {isa = PBXFileReference; lastKnownFileType = sourcecode.swift; path = TakeItEasyAppUITestsLaunchTests.swift; sourceTree = "<group>"; };
		CE2E55482851359900E237E8 /* User+CoreDataClass.swift */ = {isa = PBXFileReference; lastKnownFileType = sourcecode.swift; path = "User+CoreDataClass.swift"; sourceTree = "<group>"; };
		CE2E55492851359900E237E8 /* User+CoreDataProperties.swift */ = {isa = PBXFileReference; lastKnownFileType = sourcecode.swift; path = "User+CoreDataProperties.swift"; sourceTree = "<group>"; };
		CE2E554C285135AF00E237E8 /* SignupViewController.swift */ = {isa = PBXFileReference; lastKnownFileType = sourcecode.swift; path = SignupViewController.swift; sourceTree = "<group>"; };
		CE2E554E285135CD00E237E8 /* LoginViewController.swift */ = {isa = PBXFileReference; lastKnownFileType = sourcecode.swift; path = LoginViewController.swift; sourceTree = "<group>"; };
		CE2E55502851438900E237E8 /* DBHelper.swift */ = {isa = PBXFileReference; lastKnownFileType = sourcecode.swift; path = DBHelper.swift; sourceTree = "<group>"; };
		E9EB81DD28539B9600BCBC40 /* Friday.png */ = {isa = PBXFileReference; lastKnownFileType = image.png; path = Friday.png; sourceTree = "<group>"; };
		E9F6228228524256004FD5C6 /* MusicViewController.swift */ = {isa = PBXFileReference; lastKnownFileType = sourcecode.swift; path = MusicViewController.swift; sourceTree = "<group>"; };
		E9F62286285242B5004FD5C6 /* MusicCollectionViewCell.swift */ = {isa = PBXFileReference; lastKnownFileType = sourcecode.swift; path = MusicCollectionViewCell.swift; sourceTree = "<group>"; };
		E9F622D228530FEF004FD5C6 /* Someday.mp3 */ = {isa = PBXFileReference; lastKnownFileType = audio.mp3; path = Someday.mp3; sourceTree = "<group>"; };
		E9F622D42853170B004FD5C6 /* Dark Ocean.png */ = {isa = PBXFileReference; lastKnownFileType = image.png; path = "Dark Ocean.png"; sourceTree = "<group>"; };
		F5712146285139BA003569D2 /* BooksViewController.swift */ = {isa = PBXFileReference; lastKnownFileType = sourcecode.swift; path = BooksViewController.swift; sourceTree = "<group>"; };
/* End PBXFileReference section */

/* Begin PBXFrameworksBuildPhase section */
		94984863284FE57A007211DC /* Frameworks */ = {
			isa = PBXFrameworksBuildPhase;
			buildActionMask = 2147483647;
			files = (
			);
			runOnlyForDeploymentPostprocessing = 0;
		};
		9498487C284FE57C007211DC /* Frameworks */ = {
			isa = PBXFrameworksBuildPhase;
			buildActionMask = 2147483647;
			files = (
			);
			runOnlyForDeploymentPostprocessing = 0;
		};
		94984886284FE57D007211DC /* Frameworks */ = {
			isa = PBXFrameworksBuildPhase;
			buildActionMask = 2147483647;
			files = (
			);
			runOnlyForDeploymentPostprocessing = 0;
		};
/* End PBXFrameworksBuildPhase section */

/* Begin PBXGroup section */
		942FE8FC28579CCB00CEBEF2 /* Notes */ = {
			isa = PBXGroup;
			children = (
				942FE8FD28579D2200CEBEF2 /* Notes.storyboard */,
				9447B9AD28514170009F9205 /* NotesViewController.swift */,
				9447B9BB28514A30009F9205 /* UpdateNotesViewController.swift */,
				9447B9BD28514B35009F9205 /* AddNotesViewController.swift */,
				9447B9AF2851424A009F9205 /* NotesHelper.swift */,
				9447B9B928514763009F9205 /* NotesTableViewCell.swift */,
			);
			path = Notes;
			sourceTree = "<group>";
		};
		9498485D284FE57A007211DC = {
			isa = PBXGroup;
			children = (
				9447B9B5285143D5009F9205 /* UsersNotes+CoreDataClass.swift */,
				9447B9B6285143D5009F9205 /* UsersNotes+CoreDataProperties.swift */,
				CE2E55482851359900E237E8 /* User+CoreDataClass.swift */,
				CE2E55492851359900E237E8 /* User+CoreDataProperties.swift */,
				94984868284FE57A007211DC /* TakeItEasyApp */,
				94984882284FE57C007211DC /* TakeItEasyAppTests */,
				9498488C284FE57D007211DC /* TakeItEasyAppUITests */,
				94984867284FE57A007211DC /* Products */,
			);
			sourceTree = "<group>";
		};
		94984867284FE57A007211DC /* Products */ = {
			isa = PBXGroup;
			children = (
				94984866284FE57A007211DC /* TakeItEasyApp.app */,
				9498487F284FE57C007211DC /* TakeItEasyAppTests.xctest */,
				94984889284FE57D007211DC /* TakeItEasyAppUITests.xctest */,
			);
			name = Products;
			sourceTree = "<group>";
		};
		94984868284FE57A007211DC /* TakeItEasyApp */ = {
			isa = PBXGroup;
			children = (
				942FE8FC28579CCB00CEBEF2 /* Notes */,
				E9F622812852423E004FD5C6 /* Music */,
				94984869284FE57A007211DC /* AppDelegate.swift */,
				9498486B284FE57A007211DC /* SceneDelegate.swift */,
				9498486D284FE57A007211DC /* ViewController.swift */,
				9498486F284FE57A007211DC /* Main.storyboard */,
				F5712146285139BA003569D2 /* BooksViewController.swift */,
				94984875284FE57C007211DC /* Assets.xcassets */,
				E9EB81DD28539B9600BCBC40 /* Friday.png */,
				E9F622D42853170B004FD5C6 /* Dark Ocean.png */,
				94984877284FE57C007211DC /* LaunchScreen.storyboard */,
				255F7E1F28523EBC0050BEFA /* LoginValidation.swift */,
				255F7E2128523F000050BEFA /* SignupValidation.swift */,
				9498487A284FE57C007211DC /* Info.plist */,
				94984872284FE57A007211DC /* TakeItEasyApp.xcdatamodeld */,
				CE2E554C285135AF00E237E8 /* SignupViewController.swift */,
				CE2E554E285135CD00E237E8 /* LoginViewController.swift */,
				CE2E55502851438900E237E8 /* DBHelper.swift */,
			);
			path = TakeItEasyApp;
			sourceTree = "<group>";
		};
		94984882284FE57C007211DC /* TakeItEasyAppTests */ = {
			isa = PBXGroup;
			children = (
				94984883284FE57C007211DC /* TakeItEasyAppTests.swift */,
			);
			path = TakeItEasyAppTests;
			sourceTree = "<group>";
		};
		9498488C284FE57D007211DC /* TakeItEasyAppUITests */ = {
			isa = PBXGroup;
			children = (
				9498488D284FE57D007211DC /* TakeItEasyAppUITests.swift */,
				9498488F284FE57D007211DC /* TakeItEasyAppUITestsLaunchTests.swift */,
			);
			path = TakeItEasyAppUITests;
			sourceTree = "<group>";
		};
		E9F622812852423E004FD5C6 /* Music */ = {
			isa = PBXGroup;
			children = (
				E9F622D228530FEF004FD5C6 /* Someday.mp3 */,
				E9F6228228524256004FD5C6 /* MusicViewController.swift */,
				E9F62286285242B5004FD5C6 /* MusicCollectionViewCell.swift */,
			);
			name = Music;
			sourceTree = "<group>";
		};
/* End PBXGroup section */

/* Begin PBXNativeTarget section */
		94984865284FE57A007211DC /* TakeItEasyApp */ = {
			isa = PBXNativeTarget;
			buildConfigurationList = 94984893284FE57D007211DC /* Build configuration list for PBXNativeTarget "TakeItEasyApp" */;
			buildPhases = (
				94984862284FE57A007211DC /* Sources */,
				94984863284FE57A007211DC /* Frameworks */,
				94984864284FE57A007211DC /* Resources */,
			);
			buildRules = (
			);
			dependencies = (
			);
			name = TakeItEasyApp;
			productName = TakeItEasyApp;
			productReference = 94984866284FE57A007211DC /* TakeItEasyApp.app */;
			productType = "com.apple.product-type.application";
		};
		9498487E284FE57C007211DC /* TakeItEasyAppTests */ = {
			isa = PBXNativeTarget;
			buildConfigurationList = 94984896284FE57D007211DC /* Build configuration list for PBXNativeTarget "TakeItEasyAppTests" */;
			buildPhases = (
				9498487B284FE57C007211DC /* Sources */,
				9498487C284FE57C007211DC /* Frameworks */,
				9498487D284FE57C007211DC /* Resources */,
			);
			buildRules = (
			);
			dependencies = (
				94984881284FE57C007211DC /* PBXTargetDependency */,
			);
			name = TakeItEasyAppTests;
			productName = TakeItEasyAppTests;
			productReference = 9498487F284FE57C007211DC /* TakeItEasyAppTests.xctest */;
			productType = "com.apple.product-type.bundle.unit-test";
		};
		94984888284FE57D007211DC /* TakeItEasyAppUITests */ = {
			isa = PBXNativeTarget;
			buildConfigurationList = 94984899284FE57D007211DC /* Build configuration list for PBXNativeTarget "TakeItEasyAppUITests" */;
			buildPhases = (
				94984885284FE57D007211DC /* Sources */,
				94984886284FE57D007211DC /* Frameworks */,
				94984887284FE57D007211DC /* Resources */,
			);
			buildRules = (
			);
			dependencies = (
				9498488B284FE57D007211DC /* PBXTargetDependency */,
			);
			name = TakeItEasyAppUITests;
			productName = TakeItEasyAppUITests;
			productReference = 94984889284FE57D007211DC /* TakeItEasyAppUITests.xctest */;
			productType = "com.apple.product-type.bundle.ui-testing";
		};
/* End PBXNativeTarget section */

/* Begin PBXProject section */
		9498485E284FE57A007211DC /* Project object */ = {
			isa = PBXProject;
			attributes = {
				BuildIndependentTargetsInParallel = 1;
				LastSwiftUpdateCheck = 1340;
				LastUpgradeCheck = 1340;
				TargetAttributes = {
					94984865284FE57A007211DC = {
						CreatedOnToolsVersion = 13.4;
					};
					9498487E284FE57C007211DC = {
						CreatedOnToolsVersion = 13.4;
						TestTargetID = 94984865284FE57A007211DC;
					};
					94984888284FE57D007211DC = {
						CreatedOnToolsVersion = 13.4;
						TestTargetID = 94984865284FE57A007211DC;
					};
				};
			};
			buildConfigurationList = 94984861284FE57A007211DC /* Build configuration list for PBXProject "TakeItEasyApp" */;
			compatibilityVersion = "Xcode 13.0";
			developmentRegion = en;
			hasScannedForEncodings = 0;
			knownRegions = (
				en,
				Base,
			);
			mainGroup = 9498485D284FE57A007211DC;
			productRefGroup = 94984867284FE57A007211DC /* Products */;
			projectDirPath = "";
			projectRoot = "";
			targets = (
				94984865284FE57A007211DC /* TakeItEasyApp */,
				9498487E284FE57C007211DC /* TakeItEasyAppTests */,
				94984888284FE57D007211DC /* TakeItEasyAppUITests */,
			);
		};
/* End PBXProject section */

/* Begin PBXResourcesBuildPhase section */
		94984864284FE57A007211DC /* Resources */ = {
			isa = PBXResourcesBuildPhase;
			buildActionMask = 2147483647;
			files = (
				94984879284FE57C007211DC /* LaunchScreen.storyboard in Resources */,
				942FE8FE28579D2200CEBEF2 /* Notes.storyboard in Resources */,
				94984876284FE57C007211DC /* Assets.xcassets in Resources */,
				E9EB81DE28539B9600BCBC40 /* Friday.png in Resources */,
				94984871284FE57A007211DC /* Main.storyboard in Resources */,
				E9F622D328530FEF004FD5C6 /* Someday.mp3 in Resources */,
				E9F622D52853170B004FD5C6 /* Dark Ocean.png in Resources */,
			);
			runOnlyForDeploymentPostprocessing = 0;
		};
		9498487D284FE57C007211DC /* Resources */ = {
			isa = PBXResourcesBuildPhase;
			buildActionMask = 2147483647;
			files = (
			);
			runOnlyForDeploymentPostprocessing = 0;
		};
		94984887284FE57D007211DC /* Resources */ = {
			isa = PBXResourcesBuildPhase;
			buildActionMask = 2147483647;
			files = (
			);
			runOnlyForDeploymentPostprocessing = 0;
		};
/* End PBXResourcesBuildPhase section */

/* Begin PBXSourcesBuildPhase section */
		94984862284FE57A007211DC /* Sources */ = {
			isa = PBXSourcesBuildPhase;
			buildActionMask = 2147483647;
			files = (
				9498486E284FE57A007211DC /* ViewController.swift in Sources */,
				CE2E554D285135AF00E237E8 /* SignupViewController.swift in Sources */,
				9447B9B7285143D5009F9205 /* UsersNotes+CoreDataClass.swift in Sources */,
				9498486A284FE57A007211DC /* AppDelegate.swift in Sources */,
				9447B9B02851424A009F9205 /* NotesHelper.swift in Sources */,
				9447B9BA28514763009F9205 /* NotesTableViewCell.swift in Sources */,
				9447B9AE28514170009F9205 /* NotesViewController.swift in Sources */,
				9447B9B8285143D5009F9205 /* UsersNotes+CoreDataProperties.swift in Sources */,
				9447B9BE28514B35009F9205 /* AddNotesViewController.swift in Sources */,
				CE2E554B2851359900E237E8 /* User+CoreDataProperties.swift in Sources */,
				CE2E55512851438900E237E8 /* DBHelper.swift in Sources */,
				CE2E554F285135CD00E237E8 /* LoginViewController.swift in Sources */,
				E9F62287285242B5004FD5C6 /* MusicCollectionViewCell.swift in Sources */,
				9498486C284FE57A007211DC /* SceneDelegate.swift in Sources */,
				E9F6228328524256004FD5C6 /* MusicViewController.swift in Sources */,
				9447B9BC28514A30009F9205 /* UpdateNotesViewController.swift in Sources */,
				94984874284FE57A007211DC /* TakeItEasyApp.xcdatamodeld in Sources */,
				255F7E2228523F000050BEFA /* SignupValidation.swift in Sources */,
				CE2E554A2851359900E237E8 /* User+CoreDataClass.swift in Sources */,
				255F7E2028523EBC0050BEFA /* LoginValidation.swift in Sources */,
				F5712147285139BA003569D2 /* BooksViewController.swift in Sources */,
			);
			runOnlyForDeploymentPostprocessing = 0;
		};
		9498487B284FE57C007211DC /* Sources */ = {
			isa = PBXSourcesBuildPhase;
			buildActionMask = 2147483647;
			files = (
				94984884284FE57C007211DC /* TakeItEasyAppTests.swift in Sources */,
			);
			runOnlyForDeploymentPostprocessing = 0;
		};
		94984885284FE57D007211DC /* Sources */ = {
			isa = PBXSourcesBuildPhase;
			buildActionMask = 2147483647;
			files = (
				94984890284FE57D007211DC /* TakeItEasyAppUITestsLaunchTests.swift in Sources */,
				9498488E284FE57D007211DC /* TakeItEasyAppUITests.swift in Sources */,
			);
			runOnlyForDeploymentPostprocessing = 0;
		};
/* End PBXSourcesBuildPhase section */

/* Begin PBXTargetDependency section */
		94984881284FE57C007211DC /* PBXTargetDependency */ = {
			isa = PBXTargetDependency;
			target = 94984865284FE57A007211DC /* TakeItEasyApp */;
			targetProxy = 94984880284FE57C007211DC /* PBXContainerItemProxy */;
		};
		9498488B284FE57D007211DC /* PBXTargetDependency */ = {
			isa = PBXTargetDependency;
			target = 94984865284FE57A007211DC /* TakeItEasyApp */;
			targetProxy = 9498488A284FE57D007211DC /* PBXContainerItemProxy */;
		};
/* End PBXTargetDependency section */

/* Begin PBXVariantGroup section */
		9498486F284FE57A007211DC /* Main.storyboard */ = {
			isa = PBXVariantGroup;
			children = (
				94984870284FE57A007211DC /* Base */,
			);
			name = Main.storyboard;
			sourceTree = "<group>";
		};
		94984877284FE57C007211DC /* LaunchScreen.storyboard */ = {
			isa = PBXVariantGroup;
			children = (
				94984878284FE57C007211DC /* Base */,
			);
			name = LaunchScreen.storyboard;
			sourceTree = "<group>";
		};
/* End PBXVariantGroup section */

/* Begin XCBuildConfiguration section */
		94984891284FE57D007211DC /* Debug */ = {
			isa = XCBuildConfiguration;
			buildSettings = {
				ALWAYS_SEARCH_USER_PATHS = NO;
				CLANG_ANALYZER_NONNULL = YES;
				CLANG_ANALYZER_NUMBER_OBJECT_CONVERSION = YES_AGGRESSIVE;
				CLANG_CXX_LANGUAGE_STANDARD = "gnu++17";
				CLANG_ENABLE_MODULES = YES;
				CLANG_ENABLE_OBJC_ARC = YES;
				CLANG_ENABLE_OBJC_WEAK = YES;
				CLANG_WARN_BLOCK_CAPTURE_AUTORELEASING = YES;
				CLANG_WARN_BOOL_CONVERSION = YES;
				CLANG_WARN_COMMA = YES;
				CLANG_WARN_CONSTANT_CONVERSION = YES;
				CLANG_WARN_DEPRECATED_OBJC_IMPLEMENTATIONS = YES;
				CLANG_WARN_DIRECT_OBJC_ISA_USAGE = YES_ERROR;
				CLANG_WARN_DOCUMENTATION_COMMENTS = YES;
				CLANG_WARN_EMPTY_BODY = YES;
				CLANG_WARN_ENUM_CONVERSION = YES;
				CLANG_WARN_INFINITE_RECURSION = YES;
				CLANG_WARN_INT_CONVERSION = YES;
				CLANG_WARN_NON_LITERAL_NULL_CONVERSION = YES;
				CLANG_WARN_OBJC_IMPLICIT_RETAIN_SELF = YES;
				CLANG_WARN_OBJC_LITERAL_CONVERSION = YES;
				CLANG_WARN_OBJC_ROOT_CLASS = YES_ERROR;
				CLANG_WARN_QUOTED_INCLUDE_IN_FRAMEWORK_HEADER = YES;
				CLANG_WARN_RANGE_LOOP_ANALYSIS = YES;
				CLANG_WARN_STRICT_PROTOTYPES = YES;
				CLANG_WARN_SUSPICIOUS_MOVE = YES;
				CLANG_WARN_UNGUARDED_AVAILABILITY = YES_AGGRESSIVE;
				CLANG_WARN_UNREACHABLE_CODE = YES;
				CLANG_WARN__DUPLICATE_METHOD_MATCH = YES;
				COPY_PHASE_STRIP = NO;
				DEBUG_INFORMATION_FORMAT = dwarf;
				ENABLE_STRICT_OBJC_MSGSEND = YES;
				ENABLE_TESTABILITY = YES;
				GCC_C_LANGUAGE_STANDARD = gnu11;
				GCC_DYNAMIC_NO_PIC = NO;
				GCC_NO_COMMON_BLOCKS = YES;
				GCC_OPTIMIZATION_LEVEL = 0;
				GCC_PREPROCESSOR_DEFINITIONS = (
					"DEBUG=1",
					"$(inherited)",
				);
				GCC_WARN_64_TO_32_BIT_CONVERSION = YES;
				GCC_WARN_ABOUT_RETURN_TYPE = YES_ERROR;
				GCC_WARN_UNDECLARED_SELECTOR = YES;
				GCC_WARN_UNINITIALIZED_AUTOS = YES_AGGRESSIVE;
				GCC_WARN_UNUSED_FUNCTION = YES;
				GCC_WARN_UNUSED_VARIABLE = YES;
				IPHONEOS_DEPLOYMENT_TARGET = 14.4;
				MTL_ENABLE_DEBUG_INFO = INCLUDE_SOURCE;
				MTL_FAST_MATH = YES;
				ONLY_ACTIVE_ARCH = YES;
				SDKROOT = iphoneos;
				SWIFT_ACTIVE_COMPILATION_CONDITIONS = DEBUG;
				SWIFT_OPTIMIZATION_LEVEL = "-Onone";
			};
			name = Debug;
		};
		94984892284FE57D007211DC /* Release */ = {
			isa = XCBuildConfiguration;
			buildSettings = {
				ALWAYS_SEARCH_USER_PATHS = NO;
				CLANG_ANALYZER_NONNULL = YES;
				CLANG_ANALYZER_NUMBER_OBJECT_CONVERSION = YES_AGGRESSIVE;
				CLANG_CXX_LANGUAGE_STANDARD = "gnu++17";
				CLANG_ENABLE_MODULES = YES;
				CLANG_ENABLE_OBJC_ARC = YES;
				CLANG_ENABLE_OBJC_WEAK = YES;
				CLANG_WARN_BLOCK_CAPTURE_AUTORELEASING = YES;
				CLANG_WARN_BOOL_CONVERSION = YES;
				CLANG_WARN_COMMA = YES;
				CLANG_WARN_CONSTANT_CONVERSION = YES;
				CLANG_WARN_DEPRECATED_OBJC_IMPLEMENTATIONS = YES;
				CLANG_WARN_DIRECT_OBJC_ISA_USAGE = YES_ERROR;
				CLANG_WARN_DOCUMENTATION_COMMENTS = YES;
				CLANG_WARN_EMPTY_BODY = YES;
				CLANG_WARN_ENUM_CONVERSION = YES;
				CLANG_WARN_INFINITE_RECURSION = YES;
				CLANG_WARN_INT_CONVERSION = YES;
				CLANG_WARN_NON_LITERAL_NULL_CONVERSION = YES;
				CLANG_WARN_OBJC_IMPLICIT_RETAIN_SELF = YES;
				CLANG_WARN_OBJC_LITERAL_CONVERSION = YES;
				CLANG_WARN_OBJC_ROOT_CLASS = YES_ERROR;
				CLANG_WARN_QUOTED_INCLUDE_IN_FRAMEWORK_HEADER = YES;
				CLANG_WARN_RANGE_LOOP_ANALYSIS = YES;
				CLANG_WARN_STRICT_PROTOTYPES = YES;
				CLANG_WARN_SUSPICIOUS_MOVE = YES;
				CLANG_WARN_UNGUARDED_AVAILABILITY = YES_AGGRESSIVE;
				CLANG_WARN_UNREACHABLE_CODE = YES;
				CLANG_WARN__DUPLICATE_METHOD_MATCH = YES;
				COPY_PHASE_STRIP = NO;
				DEBUG_INFORMATION_FORMAT = "dwarf-with-dsym";
				ENABLE_NS_ASSERTIONS = NO;
				ENABLE_STRICT_OBJC_MSGSEND = YES;
				GCC_C_LANGUAGE_STANDARD = gnu11;
				GCC_NO_COMMON_BLOCKS = YES;
				GCC_WARN_64_TO_32_BIT_CONVERSION = YES;
				GCC_WARN_ABOUT_RETURN_TYPE = YES_ERROR;
				GCC_WARN_UNDECLARED_SELECTOR = YES;
				GCC_WARN_UNINITIALIZED_AUTOS = YES_AGGRESSIVE;
				GCC_WARN_UNUSED_FUNCTION = YES;
				GCC_WARN_UNUSED_VARIABLE = YES;
				IPHONEOS_DEPLOYMENT_TARGET = 14.4;
				MTL_ENABLE_DEBUG_INFO = NO;
				MTL_FAST_MATH = YES;
				SDKROOT = iphoneos;
				SWIFT_COMPILATION_MODE = wholemodule;
				SWIFT_OPTIMIZATION_LEVEL = "-O";
				VALIDATE_PRODUCT = YES;
			};
			name = Release;
		};
		94984894284FE57D007211DC /* Debug */ = {
			isa = XCBuildConfiguration;
			buildSettings = {
				ASSETCATALOG_COMPILER_APPICON_NAME = AppIcon;
				ASSETCATALOG_COMPILER_GLOBAL_ACCENT_COLOR_NAME = AccentColor;
				CODE_SIGN_STYLE = Automatic;
				CURRENT_PROJECT_VERSION = 1;
				GENERATE_INFOPLIST_FILE = YES;
				INFOPLIST_FILE = TakeItEasyApp/Info.plist;
				INFOPLIST_KEY_UIApplicationSupportsIndirectInputEvents = YES;
				INFOPLIST_KEY_UILaunchStoryboardName = LaunchScreen;
				INFOPLIST_KEY_UIMainStoryboardFile = Main;
				INFOPLIST_KEY_UISupportedInterfaceOrientations_iPad = "UIInterfaceOrientationPortrait UIInterfaceOrientationPortraitUpsideDown UIInterfaceOrientationLandscapeLeft UIInterfaceOrientationLandscapeRight";
				INFOPLIST_KEY_UISupportedInterfaceOrientations_iPhone = "UIInterfaceOrientationPortrait UIInterfaceOrientationLandscapeLeft UIInterfaceOrientationLandscapeRight";
				IPHONEOS_DEPLOYMENT_TARGET = 14.0;
				LD_RUNPATH_SEARCH_PATHS = (
					"$(inherited)",
					"@executable_path/Frameworks",
				);
				MARKETING_VERSION = 1.0;
				PRODUCT_BUNDLE_IDENTIFIER = RevatureCa.TakeItEasyApp;
				PRODUCT_NAME = "$(TARGET_NAME)";
				SWIFT_EMIT_LOC_STRINGS = YES;
				SWIFT_VERSION = 5.0;
				TARGETED_DEVICE_FAMILY = "1,2";
			};
			name = Debug;
		};
		94984895284FE57D007211DC /* Release */ = {
			isa = XCBuildConfiguration;
			buildSettings = {
				ASSETCATALOG_COMPILER_APPICON_NAME = AppIcon;
				ASSETCATALOG_COMPILER_GLOBAL_ACCENT_COLOR_NAME = AccentColor;
				CODE_SIGN_STYLE = Automatic;
				CURRENT_PROJECT_VERSION = 1;
				GENERATE_INFOPLIST_FILE = YES;
				INFOPLIST_FILE = TakeItEasyApp/Info.plist;
				INFOPLIST_KEY_UIApplicationSupportsIndirectInputEvents = YES;
				INFOPLIST_KEY_UILaunchStoryboardName = LaunchScreen;
				INFOPLIST_KEY_UIMainStoryboardFile = Main;
				INFOPLIST_KEY_UISupportedInterfaceOrientations_iPad = "UIInterfaceOrientationPortrait UIInterfaceOrientationPortraitUpsideDown UIInterfaceOrientationLandscapeLeft UIInterfaceOrientationLandscapeRight";
				INFOPLIST_KEY_UISupportedInterfaceOrientations_iPhone = "UIInterfaceOrientationPortrait UIInterfaceOrientationLandscapeLeft UIInterfaceOrientationLandscapeRight";
				IPHONEOS_DEPLOYMENT_TARGET = 14.0;
				LD_RUNPATH_SEARCH_PATHS = (
					"$(inherited)",
					"@executable_path/Frameworks",
				);
				MARKETING_VERSION = 1.0;
				PRODUCT_BUNDLE_IDENTIFIER = RevatureCa.TakeItEasyApp;
				PRODUCT_NAME = "$(TARGET_NAME)";
				SWIFT_EMIT_LOC_STRINGS = YES;
				SWIFT_VERSION = 5.0;
				TARGETED_DEVICE_FAMILY = "1,2";
			};
			name = Release;
		};
		94984897284FE57D007211DC /* Debug */ = {
			isa = XCBuildConfiguration;
			buildSettings = {
				ALWAYS_EMBED_SWIFT_STANDARD_LIBRARIES = YES;
				BUNDLE_LOADER = "$(TEST_HOST)";
				CODE_SIGN_STYLE = Automatic;
				CURRENT_PROJECT_VERSION = 1;
				GENERATE_INFOPLIST_FILE = YES;
				IPHONEOS_DEPLOYMENT_TARGET = 15.5;
				MARKETING_VERSION = 1.0;
				PRODUCT_BUNDLE_IDENTIFIER = RevatureCa.TakeItEasyAppTests;
				PRODUCT_NAME = "$(TARGET_NAME)";
				SWIFT_EMIT_LOC_STRINGS = NO;
				SWIFT_VERSION = 5.0;
				TARGETED_DEVICE_FAMILY = "1,2";
				TEST_HOST = "$(BUILT_PRODUCTS_DIR)/TakeItEasyApp.app/TakeItEasyApp";
			};
			name = Debug;
		};
		94984898284FE57D007211DC /* Release */ = {
			isa = XCBuildConfiguration;
			buildSettings = {
				ALWAYS_EMBED_SWIFT_STANDARD_LIBRARIES = YES;
				BUNDLE_LOADER = "$(TEST_HOST)";
				CODE_SIGN_STYLE = Automatic;
				CURRENT_PROJECT_VERSION = 1;
				GENERATE_INFOPLIST_FILE = YES;
				IPHONEOS_DEPLOYMENT_TARGET = 15.5;
				MARKETING_VERSION = 1.0;
				PRODUCT_BUNDLE_IDENTIFIER = RevatureCa.TakeItEasyAppTests;
				PRODUCT_NAME = "$(TARGET_NAME)";
				SWIFT_EMIT_LOC_STRINGS = NO;
				SWIFT_VERSION = 5.0;
				TARGETED_DEVICE_FAMILY = "1,2";
				TEST_HOST = "$(BUILT_PRODUCTS_DIR)/TakeItEasyApp.app/TakeItEasyApp";
			};
			name = Release;
		};
		9498489A284FE57D007211DC /* Debug */ = {
			isa = XCBuildConfiguration;
			buildSettings = {
				ALWAYS_EMBED_SWIFT_STANDARD_LIBRARIES = YES;
				CODE_SIGN_STYLE = Automatic;
				CURRENT_PROJECT_VERSION = 1;
				GENERATE_INFOPLIST_FILE = YES;
				MARKETING_VERSION = 1.0;
				PRODUCT_BUNDLE_IDENTIFIER = RevatureCa.TakeItEasyAppUITests;
				PRODUCT_NAME = "$(TARGET_NAME)";
				SWIFT_EMIT_LOC_STRINGS = NO;
				SWIFT_VERSION = 5.0;
				TARGETED_DEVICE_FAMILY = "1,2";
				TEST_TARGET_NAME = TakeItEasyApp;
			};
			name = Debug;
		};
		9498489B284FE57D007211DC /* Release */ = {
			isa = XCBuildConfiguration;
			buildSettings = {
				ALWAYS_EMBED_SWIFT_STANDARD_LIBRARIES = YES;
				CODE_SIGN_STYLE = Automatic;
				CURRENT_PROJECT_VERSION = 1;
				GENERATE_INFOPLIST_FILE = YES;
				MARKETING_VERSION = 1.0;
				PRODUCT_BUNDLE_IDENTIFIER = RevatureCa.TakeItEasyAppUITests;
				PRODUCT_NAME = "$(TARGET_NAME)";
				SWIFT_EMIT_LOC_STRINGS = NO;
				SWIFT_VERSION = 5.0;
				TARGETED_DEVICE_FAMILY = "1,2";
				TEST_TARGET_NAME = TakeItEasyApp;
			};
			name = Release;
		};
/* End XCBuildConfiguration section */

/* Begin XCConfigurationList section */
		94984861284FE57A007211DC /* Build configuration list for PBXProject "TakeItEasyApp" */ = {
			isa = XCConfigurationList;
			buildConfigurations = (
				94984891284FE57D007211DC /* Debug */,
				94984892284FE57D007211DC /* Release */,
			);
			defaultConfigurationIsVisible = 0;
			defaultConfigurationName = Release;
		};
		94984893284FE57D007211DC /* Build configuration list for PBXNativeTarget "TakeItEasyApp" */ = {
			isa = XCConfigurationList;
			buildConfigurations = (
				94984894284FE57D007211DC /* Debug */,
				94984895284FE57D007211DC /* Release */,
			);
			defaultConfigurationIsVisible = 0;
			defaultConfigurationName = Release;
		};
		94984896284FE57D007211DC /* Build configuration list for PBXNativeTarget "TakeItEasyAppTests" */ = {
			isa = XCConfigurationList;
			buildConfigurations = (
				94984897284FE57D007211DC /* Debug */,
				94984898284FE57D007211DC /* Release */,
			);
			defaultConfigurationIsVisible = 0;
			defaultConfigurationName = Release;
		};
		94984899284FE57D007211DC /* Build configuration list for PBXNativeTarget "TakeItEasyAppUITests" */ = {
			isa = XCConfigurationList;
			buildConfigurations = (
				9498489A284FE57D007211DC /* Debug */,
				9498489B284FE57D007211DC /* Release */,
			);
			defaultConfigurationIsVisible = 0;
			defaultConfigurationName = Release;
		};
/* End XCConfigurationList section */

/* Begin XCVersionGroup section */
		94984872284FE57A007211DC /* TakeItEasyApp.xcdatamodeld */ = {
			isa = XCVersionGroup;
			children = (
				94984873284FE57A007211DC /* TakeItEasyApp.xcdatamodel */,
			);
			currentVersion = 94984873284FE57A007211DC /* TakeItEasyApp.xcdatamodel */;
			path = TakeItEasyApp.xcdatamodeld;
			sourceTree = "<group>";
			versionGroupType = wrapper.xcdatamodel;
		};
/* End XCVersionGroup section */
	};
	rootObject = 9498485E284FE57A007211DC /* Project object */;
}
